
Microsoft Visual Studio Solution File, Format Version 12.00
# Visual Studio Version 17
VisualStudioVersion = 17.1.32421.90
MinimumVisualStudioVersion = 10.0.40219.1
Project("{FAE04EC0-301F-11D3-BF4B-00C04F79EFBC}") = "OOP7-IDZ", "OOP7-IDZ\OOP7-IDZ.csproj", "{A1F64FE6-527F-4C8E-BB33-5B46AB59624F}"
EndProject
Global
	GlobalSection(SolutionConfigurationPlatforms) = preSolution
		Debug|Any CPU = Debug|Any CPU
		Release|Any CPU = Release|Any CPU
	EndGlobalSection
	GlobalSection(ProjectConfigurationPlatforms) = postSolution
		{A1F64FE6-527F-4C8E-BB33-5B46AB59624F}.Debug|Any CPU.ActiveCfg = Debug|Any CPU
		{A1F64FE6-527F-4C8E-BB33-5B46AB59624F}.Debug|Any CPU.Build.0 = Debug|Any CPU
		{A1F64FE6-527F-4C8E-BB33-5B46AB59624F}.Release|Any CPU.ActiveCfg = Release|Any CPU
		{A1F64FE6-527F-4C8E-BB33-5B46AB59624F}.Release|Any CPU.Build.0 = Release|Any CPU
	EndGlobalSection
	GlobalSection(SolutionProperties) = preSolution
		HideSolutionNode = FALSE
	EndGlobalSection
	GlobalSection(ExtensibilityGlobals) = postSolution
		SolutionGuid = {5779D504-C35D-4A89-8163-10DDAF30202C}
	EndGlobalSection
EndGlobal
